PODS:
  - Alamofire (4.7.0)
  - Gloss (1.2.4)
  - GRMustache.swift (2.0.0)
  - LS2SDK (0.5.1):
    - LS2SDK/Core (= 0.5.1)
    - LS2SDK/RKSupport (= 0.5.1)
    - LS2SDK/RSRPSupport (= 0.5.1)
    - LS2SDK/RSTBSupport (= 0.5.1)
  - LS2SDK/Core (0.5.1):
    - Alamofire (~> 4)
    - OMHClient (~> 0.3)
    - SecureQueue
  - LS2SDK/RKSupport (0.5.1):
    - LS2SDK/Core
    - ResearchKit (~> 1.5)
    - ResearchSuiteExtensions (~> 0.7)
  - LS2SDK/RSRPSupport (0.5.1):
    - LS2SDK/Core
    - ResearchSuiteResultsProcessor (~> 0.8)
  - LS2SDK/RSTBSupport (0.5.1):
    - LS2SDK/Core
    - LS2SDK/RKSupport
    - ResearchSuiteTaskBuilder
  - OMHClient (0.3.0):
    - Alamofire (~> 4.0)
  - ResearchKit (1.5.2)
  - ResearchSuiteAppFramework (0.0.2):
    - ResearchSuiteAppFramework/Core (= 0.0.2)
  - ResearchSuiteAppFramework/Core (0.0.2):
    - Gloss (~> 1.2)
    - ResearchKit (~> 1.4)
    - ResearchSuiteResultsProcessor (~> 0.3)
    - ResearchSuiteTaskBuilder (~> 0.5)
    - ReSwift (~> 3.0)
  - ResearchSuiteExtensions (0.11.0):
    - ResearchSuiteExtensions/Common (= 0.11.0)
    - ResearchSuiteExtensions/Core (= 0.11.0)
    - ResearchSuiteExtensions/RSTBSupport (= 0.11.0)
  - ResearchSuiteExtensions/Common (0.11.0):
    - ResearchKit (~> 1.4)
  - ResearchSuiteExtensions/Core (0.11.0):
    - ResearchKit (~> 1.4)
    - ResearchSuiteExtensions/Common
    - SwiftyGif (~> 4.0)
  - ResearchSuiteExtensions/RSTBSupport (0.11.0):
    - Gloss (~> 1)
    - GRMustache.swift (~> 2.0)
    - ResearchSuiteExtensions/Core
    - ResearchSuiteTaskBuilder (~> 0.4)
    - SwiftyMarkdown (~> 0.3)
  - ResearchSuiteResultsProcessor (0.8.0):
    - ResearchSuiteResultsProcessor/Core (= 0.8.0)
  - ResearchSuiteResultsProcessor/Core (0.8.0):
    - Gloss (~> 1.1)
    - ResearchKit (~> 1.3)
  - ResearchSuiteTaskBuilder (0.9.0):
    - Gloss (~> 1.1)
    - ResearchKit (~> 1.3)
  - ReSwift (3.0.0)
  - sdlrkx (0.15.0):
    - sdlrkx/Behavioral (= 0.15.0)
    - sdlrkx/Behavioral-RSRPOhmageBackend (= 0.15.0)
    - sdlrkx/Behavioral-RSRPSupport (= 0.15.0)
    - sdlrkx/Behavioral-RSTBSupport (= 0.15.0)
    - sdlrkx/Helpers (= 0.15.0)
    - sdlrkx/VSR (= 0.15.0)
    - sdlrkx/VSR-RSRPOhmageBackend (= 0.15.0)
    - sdlrkx/VSR-RSRPSupport (= 0.15.0)
    - sdlrkx/VSR-RSTBSupport (= 0.15.0)
  - sdlrkx/Behavioral (0.15.0):
    - ResearchKit (~> 1.4)
    - ResearchSuiteExtensions/Common (~> 0.1)
    - sdlrkx/Helpers
  - sdlrkx/Behavioral-RSRPOhmageBackend (0.15.0):
    - OMHClient
    - sdlrkx/Behavioral-RSRPSupport
  - sdlrkx/Behavioral-RSRPSupport (0.15.0):
    - ResearchKit (~> 1.4)
    - ResearchSuiteResultsProcessor (~> 0.2)
    - sdlrkx/Behavioral
  - sdlrkx/Behavioral-RSTBSupport (0.15.0):
    - Gloss (~> 1)
    - ResearchSuiteTaskBuilder (~> 0.4)
    - sdlrkx/Behavioral
  - sdlrkx/Helpers (0.15.0)
  - sdlrkx/VSR (0.15.0):
    - Gloss (~> 1)
    - ResearchKit (~> 1.4)
    - ResearchSuiteExtensions/Common (~> 0.1)
    - sdlrkx/Helpers
  - sdlrkx/VSR-RSRPOhmageBackend (0.15.0):
    - OMHClient
    - sdlrkx/VSR-RSRPSupport
  - sdlrkx/VSR-RSRPSupport (0.15.0):
    - ResearchKit (~> 1.4)
    - ResearchSuiteResultsProcessor (~> 0.2)
    - sdlrkx/VSR
  - sdlrkx/VSR-RSTBSupport (0.15.0):
    - Gloss (~> 1)
    - ResearchSuiteExtensions/Common (~> 0.1)
    - ResearchSuiteTaskBuilder (~> 0.4)
    - sdlrkx/VSR
  - SecureQueue (0.0.5)
  - SwiftyGif (4.1.0)
  - SwiftyMarkdown (0.5.1)

DEPENDENCIES:
  - LS2SDK (from `https://github.com/jdkizer9/LS2SDK-iOS`, tag `0.5.1`)
  - OMHClient (from `https://github.com/ResearchSuite/OMHClient-ios`)
  - ResearchKit
  - ResearchSuiteAppFramework
  - ResearchSuiteExtensions (from `https://github.com/ResearchSuite/ResearchSuiteExtensions-iOS`)
  - ResearchSuiteResultsProcessor (from `https://github.com/ResearchSuite/ResearchSuiteResultsProcessor-ios`, tag `0.8.0`)
  - ResearchSuiteTaskBuilder
  - sdlrkx (from `https://github.com/ResearchSuite/sdl-rkx`)

EXTERNAL SOURCES:
  LS2SDK:
    :git: https://github.com/jdkizer9/LS2SDK-iOS
    :tag: 0.5.1
  OMHClient:
    :git: https://github.com/ResearchSuite/OMHClient-ios
  ResearchSuiteExtensions:
    :git: https://github.com/ResearchSuite/ResearchSuiteExtensions-iOS
  ResearchSuiteResultsProcessor:
    :git: https://github.com/ResearchSuite/ResearchSuiteResultsProcessor-ios
    :tag: 0.8.0
  sdlrkx:
    :git: https://github.com/ResearchSuite/sdl-rkx

CHECKOUT OPTIONS:
  LS2SDK:
    :git: https://github.com/jdkizer9/LS2SDK-iOS
    :tag: 0.5.1
  OMHClient:
    :commit: 45b3207bc2d9292ffc124fb7b92125985b13dd97
    :git: https://github.com/ResearchSuite/OMHClient-ios
  ResearchSuiteExtensions:
    :commit: 3b4e0fd181d80d1bd2c5dfb6d771579c70675164
    :git: https://github.com/ResearchSuite/ResearchSuiteExtensions-iOS
  ResearchSuiteResultsProcessor:
    :git: https://github.com/ResearchSuite/ResearchSuiteResultsProcessor-ios
    :tag: 0.8.0
  sdlrkx:
    :commit: 6aae0cc2ea009768ac7db6fef431c66d8e77426c
    :git: https://github.com/ResearchSuite/sdl-rkx

SPEC CHECKSUMS:
  Alamofire: 907e0a98eb68cdb7f9d1f541a563d6ac5dc77b25
  Gloss: 4e036074610fdb993abcb958ebcd7332588e2333
  GRMustache.swift: 8a547c12bea16052071b2b540af83d770075f0eb
  LS2SDK: 4812c5ce745fe26f81bd87a2418d04b6640fb568
  OMHClient: 278f7f01ade00ab24eb034e4c6fed3c9f51783d5
  ResearchKit: a5770681dd61afddd3d1f24d232b9abf00cba454
  ResearchSuiteAppFramework: 00ce09861de562b5569934ad4e316f33929718b3
  ResearchSuiteExtensions: 6ae490049737035fdbc219451ac3ceab53933709
  ResearchSuiteResultsProcessor: 3d264125fc667cb0e11f21badd01b3ee2f02ad2c
  ResearchSuiteTaskBuilder: d42b7d20a24c6da29b8585c97a694733c437322b
  ReSwift: f0255f4b4f2dacd12c5d97d34d13fc5dad6d6371
  sdlrkx: 45bd1f4c1a3aeed2c57cf074457dcbe043f1bc00
  SecureQueue: 3aa95a5bba534c3aa938ae634333cbcf5919060b
  SwiftyGif: d36c6dfb52e2ca1e48fe349d225f50ec4123ec85
  SwiftyMarkdown: 743af3e87931391bc4836b825fec3d98785b2e3a

PODFILE CHECKSUM: e14de7b7a27d9002cc3d4f5b3043ea47c094c227

COCOAPODS: 1.4.0
