PODS:
  - Alamofire (4.7.3)
  - Gloss (2.0.1)
  - GRMustache.swift (2.1.2)
  - LS2SDK (0.11.0):
    - LS2SDK/Common (= 0.11.0)
    - LS2SDK/Core (= 0.11.0)
    - LS2SDK/RKSupport (= 0.11.0)
    - LS2SDK/RSRPSupport (= 0.11.0)
    - LS2SDK/RSTBSupport (= 0.11.0)
  - LS2SDK/Common (0.11.0):
    - Gloss (~> 2.0)
  - LS2SDK/Core (0.11.0):
    - Alamofire (~> 4)
    - Gloss (~> 2.0)
    - LS2SDK/Common
    - ResearchSuiteExtensions (~> 0.17)
  - LS2SDK/RKSupport (0.11.0):
    - LS2SDK/Core
    - ResearchKit (~> 1.5)
  - LS2SDK/RSRPSupport (0.11.0):
    - LS2SDK/Core
    - ResearchSuiteResultsProcessor (~> 0.9)
  - LS2SDK/RSTBSupport (0.11.0):
    - LS2SDK/Core
    - LS2SDK/RKSupport
    - ResearchSuiteTaskBuilder (~> 0.12)
  - ResearchKit (1.5.2)
  - ResearchSuiteAppFramework (0.0.3):
    - ResearchSuiteAppFramework/Core (= 0.0.3)
  - ResearchSuiteAppFramework/Core (0.0.3):
    - Gloss (~> 2.0)
    - ResearchKit (~> 1.5)
    - ResearchSuiteResultsProcessor (~> 0.9)
    - ResearchSuiteTaskBuilder (~> 0.10)
    - ReSwift (~> 3.0)
  - ResearchSuiteExtensions (0.20.0):
    - ResearchSuiteExtensions/Common (= 0.20.0)
    - ResearchSuiteExtensions/Core (= 0.20.0)
    - ResearchSuiteExtensions/RSTBSupport (= 0.20.0)
  - ResearchSuiteExtensions/Common (0.20.0):
    - Gloss (~> 2.0)
    - ResearchKit (~> 1.4)
    - SecureQueue (~> 0.2)
  - ResearchSuiteExtensions/Core (0.20.0):
    - ResearchKit (~> 1.4)
    - ResearchSuiteExtensions/Common
    - SnapKit
    - SwiftyGif (~> 4.1.0)
  - ResearchSuiteExtensions/RSTBSupport (0.20.0):
    - Gloss (~> 2.0)
    - GRMustache.swift (~> 2.1)
    - ResearchSuiteExtensions/Core
    - ResearchSuiteTaskBuilder (~> 0.13)
    - SwiftyMarkdown (~> 0.3)
  - ResearchSuiteResultsProcessor (0.9.2):
    - ResearchSuiteResultsProcessor/Core (= 0.9.2)
  - ResearchSuiteResultsProcessor/Core (0.9.2):
    - Gloss (~> 2.0)
    - ResearchKit (~> 1.3)
  - ResearchSuiteTaskBuilder (0.13.0):
    - Gloss (~> 2.0)
    - ResearchKit (~> 1.3)
  - ReSwift (3.0.0)
  - sdlrkx (0.17.0):
    - sdlrkx/Behavioral (= 0.17.0)
    - sdlrkx/Behavioral-LS2Backend (= 0.17.0)
    - sdlrkx/Behavioral-RSRPSupport (= 0.17.0)
    - sdlrkx/Behavioral-RSTBSupport (= 0.17.0)
    - sdlrkx/Helpers (= 0.17.0)
    - sdlrkx/VSR (= 0.17.0)
    - sdlrkx/VSR-LS2Backend (= 0.17.0)
    - sdlrkx/VSR-RSRPSupport (= 0.17.0)
    - sdlrkx/VSR-RSTBSupport (= 0.17.0)
  - sdlrkx/Behavioral (0.17.0):
    - ResearchKit (~> 1.4)
    - ResearchSuiteExtensions/Common (~> 0.14)
    - sdlrkx/Helpers
  - sdlrkx/Behavioral-LS2Backend (0.17.0):
    - LS2SDK
    - sdlrkx/Behavioral-RSRPSupport
  - sdlrkx/Behavioral-RSRPSupport (0.17.0):
    - ResearchKit (~> 1.4)
    - ResearchSuiteResultsProcessor (~> 0.2)
    - sdlrkx/Behavioral
  - sdlrkx/Behavioral-RSTBSupport (0.17.0):
    - Gloss (~> 2)
    - ResearchSuiteTaskBuilder (~> 0.4)
    - sdlrkx/Behavioral
  - sdlrkx/Helpers (0.17.0)
  - sdlrkx/VSR (0.17.0):
    - Gloss (~> 2)
    - ResearchKit (~> 1.4)
    - ResearchSuiteExtensions/Common (~> 0.14)
    - sdlrkx/Helpers
  - sdlrkx/VSR-LS2Backend (0.17.0):
    - LS2SDK
    - sdlrkx/VSR-RSRPSupport
  - sdlrkx/VSR-RSRPSupport (0.17.0):
    - ResearchKit (~> 1.4)
    - ResearchSuiteResultsProcessor (~> 0.2)
    - sdlrkx/VSR
  - sdlrkx/VSR-RSTBSupport (0.17.0):
    - Gloss (~> 2)
    - ResearchSuiteExtensions/Common (~> 0.14)
    - ResearchSuiteTaskBuilder (~> 0.4)
    - sdlrkx/VSR
  - SecureQueue (0.2.0)
  - SnapKit (4.2.0)
  - SwiftyGif (4.1.0)
  - SwiftyMarkdown (0.6.0)

DEPENDENCIES:
  - LS2SDK (~> 0.11)
  - ResearchKit (~> 1.5)
  - ResearchSuiteAppFramework (from `https://github.com/ResearchSuite/ResearchSuiteAppFramework-iOS`, branch `reduction`)
  - ResearchSuiteExtensions (~> 0.20)
  - ResearchSuiteResultsProcessor (~> 0.9)
  - ResearchSuiteTaskBuilder (~> 0.13)
  - sdlrkx

SPEC REPOS:
  https://github.com/cocoapods/specs.git:
    - Alamofire
    - Gloss
    - ResearchKit
    - ReSwift
    - SnapKit
    - SwiftyGif
    - SwiftyMarkdown
  https://github.com/CuriosityHealth/Specs.git:
    - LS2SDK
  https://github.com/ResearchSuite/Specs.git:
    - GRMustache.swift
    - ResearchSuiteExtensions
    - ResearchSuiteResultsProcessor
    - ResearchSuiteTaskBuilder
    - sdlrkx
    - SecureQueue

EXTERNAL SOURCES:
  ResearchSuiteAppFramework:
    :branch: reduction
    :git: https://github.com/ResearchSuite/ResearchSuiteAppFramework-iOS

CHECKOUT OPTIONS:
  ResearchSuiteAppFramework:
    :commit: c8d18d178ee0bd9f96dca26b23a62944ddbf78a4
    :git: https://github.com/ResearchSuite/ResearchSuiteAppFramework-iOS

SPEC CHECKSUMS:
  Alamofire: c7287b6e5d7da964a70935e5db17046b7fde6568
  Gloss: 1e8743f8de1fbe14a97f220ff901cba91ae5f8f8
  GRMustache.swift: e21e1ce1d4338f76df3df7673fe2e3ee96eda7f3
  LS2SDK: b3d6d5f376984afaf633d32d60a31f7da89cb21e
  ResearchKit: a5770681dd61afddd3d1f24d232b9abf00cba454
  ResearchSuiteAppFramework: d381b86316a02b76db0f3238abefb988d8727d1c
  ResearchSuiteExtensions: 559b62a7e94e272716f7b13f34957c72447e416a
  ResearchSuiteResultsProcessor: 7ff5dc6d10da819910ba89eeb544288432756525
  ResearchSuiteTaskBuilder: 6d0a60b2b4990a0f6c2e91ee58b397438e788858
  ReSwift: f0255f4b4f2dacd12c5d97d34d13fc5dad6d6371
  sdlrkx: bb605e90d6e74db30c1ea5f3534bf2ac6a9b0809
  SecureQueue: 21d7c63fc9369e6706aaef0290cb6fec5d2e9615
  SnapKit: fe8a619752f3f27075cc9a90244d75c6c3f27e2a
  SwiftyGif: d36c6dfb52e2ca1e48fe349d225f50ec4123ec85
  SwiftyMarkdown: 698fe6b283dddac69747f4e08ed0d067c18e0356

PODFILE CHECKSUM: 4a37355f1e3a90dd9bb8a4caf1608e4efed4bd88

COCOAPODS: 1.6.0.beta.2
